lockfileVersion: '6.0'

settings:
  autoInstallPeers: true
  excludeLinksFromLockfile: false

dependencies:
  bufferutil:
    specifier: ^4.0.1
    version: 4.0.1
  utf-8-validate:
    specifier: ^5.0.2
    version: 5.0.2
  ws:
    specifier: ^8.13.0
    version: 8.13.0(bufferutil@4.0.1)(utf-8-validate@5.0.2)

packages:

  /bufferutil@4.0.1:
    resolution: {integrity: sha512-xowrxvpxojqkagPcWRQVXZl0YXhRhAtBEIq3VoER1NH5Mw1n1o0ojdspp+GS2J//2gCVyrzQDApQ4unGF+QOoA==}
    requiresBuild: true
    dependencies:
      node-gyp-build: 3.7.0
    dev: false

  /node-gyp-build@3.7.0:
    resolution: {integrity: sha512-L/Eg02Epx6Si2NXmedx+Okg+4UHqmaf3TNcxd50SF9NQGcJaON3AtU++kax69XV7YWz4tUspqZSAsVofhFKG2w==}
    hasBin: true
    dev: false

  /utf-8-validate@5.0.2:
    resolution: {integrity: sha512-SwV++i2gTD5qh2XqaPzBnNX88N6HdyhQrNNRykvcS0QKvItV9u3vPEJr+X5Hhfb1JC0r0e1alL0iB09rY8+nmw==}
    requiresBuild: true
    dependencies:
      node-gyp-build: 3.7.0
    dev: false

  /ws@8.13.0(bufferutil@4.0.1)(utf-8-validate@5.0.2):
    resolution: {integrity: sha512-x9vcZYTrFPC7aSIbj7sRCYo7L/Xb8Iy+pW0ng0wt2vCJv7M9HOMy0UoN3rr+IFC7hb7vXoqS+P9ktyLLLhO+LA==}
    engines: {node: '>=10.0.0'}
    peerDependencies:
      bufferutil: ^4.0.1
      utf-8-validate: '>=5.0.2'
    peerDependenciesMeta:
      bufferutil:
        optional: true
      utf-8-validate:
        optional: true
    dependencies:
      bufferutil: 4.0.1
      utf-8-validate: 5.0.2
    dev: false
